// !$*UTF8*$!
{
	archiveVersion = 1;
	classes = {
	};
	objectVersion = 46;
	objects = {

/* Begin PBXBuildFile section */
		0F597A06B9A20ECFD76425E6 /* Pods_Locus.framework in Frameworks */ = {isa = PBXBuildFile; fileRef = 8BED38DEEF7DBE6FA5DA54C8 /* Pods_Locus.framework */; };
		65A0F0601DADE72700BD82B9 /* AddFriends.storyboard in Resources */ = {isa = PBXBuildFile; fileRef = 65A0F05F1DADE72700BD82B9 /* AddFriends.storyboard */; };
		65A0F0621DADE88400BD82B9 /* AddFriendViewController.swift in Sources */ = {isa = PBXBuildFile; fileRef = 65A0F0611DADE88400BD82B9 /* AddFriendViewController.swift */; };
		65A0F0661DADE8F300BD82B9 /* AddFriendTableViewCell.swift in Sources */ = {isa = PBXBuildFile; fileRef = 65A0F0651DADE8F300BD82B9 /* AddFriendTableViewCell.swift */; };
		65A0F0681DAE2BB300BD82B9 /* Utilities.swift in Sources */ = {isa = PBXBuildFile; fileRef = 65A0F0671DAE2BB300BD82B9 /* Utilities.swift */; };
		65AFED691DA242920074F0C5 /* RouteMapView.storyboard in Resources */ = {isa = PBXBuildFile; fileRef = 65AFED681DA242920074F0C5 /* RouteMapView.storyboard */; };
		65AFED6B1DA2435A0074F0C5 /* RouteMapViewController.swift in Sources */ = {isa = PBXBuildFile; fileRef = 65AFED6A1DA2435A0074F0C5 /* RouteMapViewController.swift */; };
		65AFED6D1DA25C690074F0C5 /* SavedPlace.swift in Sources */ = {isa = PBXBuildFile; fileRef = 65AFED6C1DA25C690074F0C5 /* SavedPlace.swift */; };
		65C3A5831DAB751900EB3F9C /* FollowingSavedPlace.swift in Sources */ = {isa = PBXBuildFile; fileRef = 65C3A5821DAB751900EB3F9C /* FollowingSavedPlace.swift */; };
		65C3A5851DAC8BAE00EB3F9C /* SavedByCollectionViewCell.swift in Sources */ = {isa = PBXBuildFile; fileRef = 65C3A5841DAC8BAE00EB3F9C /* SavedByCollectionViewCell.swift */; };
		65CDC1F41D98E8F200D046FE /* AppDelegate.swift in Sources */ = {isa = PBXBuildFile; fileRef = 65CDC1F31D98E8F200D046FE /* AppDelegate.swift */; };
		65CDC1F91D98E8F200D046FE /* Main.storyboard in Resources */ = {isa = PBXBuildFile; fileRef = 65CDC1F71D98E8F200D046FE /* Main.storyboard */; };
		65CDC1FB1D98E8F200D046FE /* Assets.xcassets in Resources */ = {isa = PBXBuildFile; fileRef = 65CDC1FA1D98E8F200D046FE /* Assets.xcassets */; };
		65CDC1FE1D98E8F200D046FE /* LaunchScreen.storyboard in Resources */ = {isa = PBXBuildFile; fileRef = 65CDC1FC1D98E8F200D046FE /* LaunchScreen.storyboard */; };
		65CDC2061D98E94600D046FE /* GoogleService-Info.plist in Resources */ = {isa = PBXBuildFile; fileRef = 65CDC2051D98E94600D046FE /* GoogleService-Info.plist */; };
		65CDC2081D98EB8C00D046FE /* FBSDKLoginKit.framework in Frameworks */ = {isa = PBXBuildFile; fileRef = 65CDC2071D98EB8C00D046FE /* FBSDKLoginKit.framework */; };
		65CDC20A1D98EE9700D046FE /* FBSDKCoreKit.framework in Frameworks */ = {isa = PBXBuildFile; fileRef = 65CDC2091D98EE9700D046FE /* FBSDKCoreKit.framework */; };
		65CDC20C1D98EEC600D046FE /* Bolts.framework in Frameworks */ = {isa = PBXBuildFile; fileRef = 65CDC20B1D98EEC600D046FE /* Bolts.framework */; };
		65CDC2101D98F5B500D046FE /* LoginViewController.swift in Sources */ = {isa = PBXBuildFile; fileRef = 65CDC20F1D98F5B500D046FE /* LoginViewController.swift */; };
		65CDC2161D99008900D046FE /* DataService.swift in Sources */ = {isa = PBXBuildFile; fileRef = 65CDC2151D99008900D046FE /* DataService.swift */; };
		65CDC2181D99032500D046FE /* MapView.storyboard in Resources */ = {isa = PBXBuildFile; fileRef = 65CDC2171D99032500D046FE /* MapView.storyboard */; };
		65CDC21C1D99044900D046FE /* PlaceDetail.storyboard in Resources */ = {isa = PBXBuildFile; fileRef = 65CDC21B1D99044900D046FE /* PlaceDetail.storyboard */; };
		65CDC21E1D9918D800D046FE /* MapViewController.swift in Sources */ = {isa = PBXBuildFile; fileRef = 65CDC21D1D9918D800D046FE /* MapViewController.swift */; };
		65CDC2201D9A5A8A00D046FE /* MarkerInfoView.xib in Resources */ = {isa = PBXBuildFile; fileRef = 65CDC21F1D9A5A8A00D046FE /* MarkerInfoView.xib */; };
		65CDC2231D9A5B0700D046FE /* MarkerInforView.swift in Sources */ = {isa = PBXBuildFile; fileRef = 65CDC2221D9A5B0700D046FE /* MarkerInforView.swift */; };
		65CDC2251D9B84FE00D046FE /* PlaceDetailViewController.swift in Sources */ = {isa = PBXBuildFile; fileRef = 65CDC2241D9B84FE00D046FE /* PlaceDetailViewController.swift */; };
		65CDC2271D9B852400D046FE /* ImageCollectionViewCell.swift in Sources */ = {isa = PBXBuildFile; fileRef = 65CDC2261D9B852400D046FE /* ImageCollectionViewCell.swift */; };
		65CEF7A31DA522CB00DD2BEA /* Profile.storyboard in Resources */ = {isa = PBXBuildFile; fileRef = 65CEF7A21DA522CB00DD2BEA /* Profile.storyboard */; };
		A40C98A11D9E2B77001F5A04 /* FollowingViewController.swift in Sources */ = {isa = PBXBuildFile; fileRef = A40C98A01D9E2B77001F5A04 /* FollowingViewController.swift */; };
		A40C98A51DA182D5001F5A04 /* FollowerViewController.swift in Sources */ = {isa = PBXBuildFile; fileRef = A40C98A41DA182D5001F5A04 /* FollowerViewController.swift */; };
		A40C98A71DA23112001F5A04 /* StaticFollowerCell.swift in Sources */ = {isa = PBXBuildFile; fileRef = A40C98A61DA23112001F5A04 /* StaticFollowerCell.swift */; };
		A40C98AF1DA25A93001F5A04 /* UsersTableViewController.swift in Sources */ = {isa = PBXBuildFile; fileRef = A40C98AE1DA25A93001F5A04 /* UsersTableViewController.swift */; };
		A40C98B11DA40CD4001F5A04 /* StaticProfileCell.swift in Sources */ = {isa = PBXBuildFile; fileRef = A40C98B01DA40CD4001F5A04 /* StaticProfileCell.swift */; };
		A40C98B31DA40F34001F5A04 /* Place.swift in Sources */ = {isa = PBXBuildFile; fileRef = A40C98B21DA40F34001F5A04 /* Place.swift */; };
		A40C98FD1DA4CFC7001F5A04 /* LocationViewController.swift in Sources */ = {isa = PBXBuildFile; fileRef = A40C98FC1DA4CFC7001F5A04 /* LocationViewController.swift */; };
		A43AE4001DA605BC00FB733B /* ListOfPlacesViewController.swift in Sources */ = {isa = PBXBuildFile; fileRef = A43AE3FF1DA605BC00FB733B /* ListOfPlacesViewController.swift */; };
		A43AE4141DA6503200FB733B /* Location.swift in Sources */ = {isa = PBXBuildFile; fileRef = A43AE4131DA6503200FB733B /* Location.swift */; };
		A4A9512B1D9A248E009EC2DD /* ProfileTableViewController.swift in Sources */ = {isa = PBXBuildFile; fileRef = A4A9512A1D9A248E009EC2DD /* ProfileTableViewController.swift */; };
		A4A951371D9A2DB4009EC2DD /* StaticHeader.swift in Sources */ = {isa = PBXBuildFile; fileRef = A4A951361D9A2DB4009EC2DD /* StaticHeader.swift */; };
		A4A951391D9A39BD009EC2DD /* StaticHeader.xib in Resources */ = {isa = PBXBuildFile; fileRef = A4A951381D9A39BD009EC2DD /* StaticHeader.xib */; };
		A4A9513B1D9A9F19009EC2DD /* User.swift in Sources */ = {isa = PBXBuildFile; fileRef = A4A9513A1D9A9F19009EC2DD /* User.swift */; };
		A4A951411D9CC3C9009EC2DD /* StaticFollowingCell.swift in Sources */ = {isa = PBXBuildFile; fileRef = A4A951401D9CC3C9009EC2DD /* StaticFollowingCell.swift */; };
/* End PBXBuildFile section */

/* Begin PBXFileReference section */
		1C25B4A9A130D33DEFD91ACB /* Pods-Locus.release.xcconfig */ = {isa = PBXFileReference; includeInIndex = 1; lastKnownFileType = text.xcconfig; name = "Pods-Locus.release.xcconfig"; path = "Pods/Target Support Files/Pods-Locus/Pods-Locus.release.xcconfig"; sourceTree = "<group>"; };
		1D08B1FB398FD5ECE66FA164 /* Pods-Locus.debug.xcconfig */ = {isa = PBXFileReference; includeInIndex = 1; lastKnownFileType = text.xcconfig; name = "Pods-Locus.debug.xcconfig"; path = "Pods/Target Support Files/Pods-Locus/Pods-Locus.debug.xcconfig"; sourceTree = "<group>"; };
		65A0F05F1DADE72700BD82B9 /* AddFriends.storyboard */ = {isa = PBXFileReference; fileEncoding = 4; lastKnownFileType = file.storyboard; path = AddFriends.storyboard; sourceTree = "<group>"; };
		65A0F0611DADE88400BD82B9 /* AddFriendViewController.swift */ = {isa = PBXFileReference; fileEncoding = 4; lastKnownFileType = sourcecode.swift; path = AddFriendViewController.swift; sourceTree = "<group>"; };
		65A0F0651DADE8F300BD82B9 /* AddFriendTableViewCell.swift */ = {isa = PBXFileReference; fileEncoding = 4; lastKnownFileType = sourcecode.swift; path = AddFriendTableViewCell.swift; sourceTree = "<group>"; };
		65A0F0671DAE2BB300BD82B9 /* Utilities.swift */ = {isa = PBXFileReference; fileEncoding = 4; lastKnownFileType = sourcecode.swift; path = Utilities.swift; sourceTree = "<group>"; };
		65AFED681DA242920074F0C5 /* RouteMapView.storyboard */ = {isa = PBXFileReference; fileEncoding = 4; lastKnownFileType = file.storyboard; path = RouteMapView.storyboard; sourceTree = "<group>"; };
		65AFED6A1DA2435A0074F0C5 /* RouteMapViewController.swift */ = {isa = PBXFileReference; fileEncoding = 4; lastKnownFileType = sourcecode.swift; path = RouteMapViewController.swift; sourceTree = "<group>"; };
		65AFED6C1DA25C690074F0C5 /* SavedPlace.swift */ = {isa = PBXFileReference; fileEncoding = 4; lastKnownFileType = sourcecode.swift; path = SavedPlace.swift; sourceTree = "<group>"; };
		65C3A5821DAB751900EB3F9C /* FollowingSavedPlace.swift */ = {isa = PBXFileReference; fileEncoding = 4; lastKnownFileType = sourcecode.swift; path = FollowingSavedPlace.swift; sourceTree = "<group>"; };
		65C3A5841DAC8BAE00EB3F9C /* SavedByCollectionViewCell.swift */ = {isa = PBXFileReference; fileEncoding = 4; lastKnownFileType = sourcecode.swift; path = SavedByCollectionViewCell.swift; sourceTree = "<group>"; };
		65CDC1F01D98E8F200D046FE /* Locus.app */ = {isa = PBXFileReference; explicitFileType = wrapper.application; includeInIndex = 0; path = Locus.app; sourceTree = BUILT_PRODUCTS_DIR; };
		65CDC1F31D98E8F200D046FE /* AppDelegate.swift */ = {isa = PBXFileReference; lastKnownFileType = sourcecode.swift; path = AppDelegate.swift; sourceTree = "<group>"; };
		65CDC1F81D98E8F200D046FE /* Base */ = {isa = PBXFileReference; lastKnownFileType = file.storyboard; name = Base; path = Base.lproj/Main.storyboard; sourceTree = "<group>"; };
		65CDC1FA1D98E8F200D046FE /* Assets.xcassets */ = {isa = PBXFileReference; lastKnownFileType = folder.assetcatalog; path = Assets.xcassets; sourceTree = "<group>"; };
		65CDC1FD1D98E8F200D046FE /* Base */ = {isa = PBXFileReference; lastKnownFileType = file.storyboard; name = Base; path = Base.lproj/LaunchScreen.storyboard; sourceTree = "<group>"; };
		65CDC1FF1D98E8F200D046FE /* Info.plist */ = {isa = PBXFileReference; lastKnownFileType = text.plist.xml; path = Info.plist; sourceTree = "<group>"; };
		65CDC2051D98E94600D046FE /* GoogleService-Info.plist */ = {isa = PBXFileReference; fileEncoding = 4; lastKnownFileType = text.plist.xml; path = "GoogleService-Info.plist"; sourceTree = "<group>"; };
		65CDC2071D98EB8C00D046FE /* FBSDKLoginKit.framework */ = {isa = PBXFileReference; lastKnownFileType = wrapper.framework; path = FBSDKLoginKit.framework; sourceTree = "<group>"; };
		65CDC2091D98EE9700D046FE /* FBSDKCoreKit.framework */ = {isa = PBXFileReference; lastKnownFileType = wrapper.framework; path = FBSDKCoreKit.framework; sourceTree = "<group>"; };
		65CDC20B1D98EEC600D046FE /* Bolts.framework */ = {isa = PBXFileReference; lastKnownFileType = wrapper.framework; path = Bolts.framework; sourceTree = "<group>"; };
		65CDC20F1D98F5B500D046FE /* LoginViewController.swift */ = {isa = PBXFileReference; fileEncoding = 4; lastKnownFileType = sourcecode.swift; path = LoginViewController.swift; sourceTree = "<group>"; };
		65CDC2121D98FBC700D046FE /* Locus-Bridging-Header.h */ = {isa = PBXFileReference; lastKnownFileType = sourcecode.c.h; path = "Locus-Bridging-Header.h"; sourceTree = "<group>"; };
		65CDC2151D99008900D046FE /* DataService.swift */ = {isa = PBXFileReference; fileEncoding = 4; lastKnownFileType = sourcecode.swift; path = DataService.swift; sourceTree = "<group>"; };
		65CDC2171D99032500D046FE /* MapView.storyboard */ = {isa = PBXFileReference; fileEncoding = 4; lastKnownFileType = file.storyboard; path = MapView.storyboard; sourceTree = "<group>"; };
		65CDC21B1D99044900D046FE /* PlaceDetail.storyboard */ = {isa = PBXFileReference; fileEncoding = 4; lastKnownFileType = file.storyboard; path = PlaceDetail.storyboard; sourceTree = "<group>"; };
		65CDC21D1D9918D800D046FE /* MapViewController.swift */ = {isa = PBXFileReference; fileEncoding = 4; lastKnownFileType = sourcecode.swift; path = MapViewController.swift; sourceTree = "<group>"; };
		65CDC21F1D9A5A8A00D046FE /* MarkerInfoView.xib */ = {isa = PBXFileReference; fileEncoding = 4; lastKnownFileType = file.xib; path = MarkerInfoView.xib; sourceTree = "<group>"; };
		65CDC2221D9A5B0700D046FE /* MarkerInforView.swift */ = {isa = PBXFileReference; fileEncoding = 4; lastKnownFileType = sourcecode.swift; path = MarkerInforView.swift; sourceTree = "<group>"; };
		65CDC2241D9B84FE00D046FE /* PlaceDetailViewController.swift */ = {isa = PBXFileReference; fileEncoding = 4; lastKnownFileType = sourcecode.swift; path = PlaceDetailViewController.swift; sourceTree = "<group>"; };
		65CDC2261D9B852400D046FE /* ImageCollectionViewCell.swift */ = {isa = PBXFileReference; fileEncoding = 4; lastKnownFileType = sourcecode.swift; path = ImageCollectionViewCell.swift; sourceTree = "<group>"; };
		65CEF7A21DA522CB00DD2BEA /* Profile.storyboard */ = {isa = PBXFileReference; fileEncoding = 4; lastKnownFileType = file.storyboard; path = Profile.storyboard; sourceTree = "<group>"; };
		8BED38DEEF7DBE6FA5DA54C8 /* Pods_Locus.framework */ = {isa = PBXFileReference; explicitFileType = wrapper.framework; includeInIndex = 0; path = Pods_Locus.framework; sourceTree = BUILT_PRODUCTS_DIR; };
		A40C98A01D9E2B77001F5A04 /* FollowingViewController.swift */ = {isa = PBXFileReference; fileEncoding = 4; lastKnownFileType = sourcecode.swift; path = FollowingViewController.swift; sourceTree = "<group>"; };
		A40C98A41DA182D5001F5A04 /* FollowerViewController.swift */ = {isa = PBXFileReference; fileEncoding = 4; lastKnownFileType = sourcecode.swift; path = FollowerViewController.swift; sourceTree = "<group>"; };
		A40C98A61DA23112001F5A04 /* StaticFollowerCell.swift */ = {isa = PBXFileReference; fileEncoding = 4; lastKnownFileType = sourcecode.swift; path = StaticFollowerCell.swift; sourceTree = "<group>"; };
		A40C98AE1DA25A93001F5A04 /* UsersTableViewController.swift */ = {isa = PBXFileReference; fileEncoding = 4; lastKnownFileType = sourcecode.swift; path = UsersTableViewController.swift; sourceTree = "<group>"; };
		A40C98B01DA40CD4001F5A04 /* StaticProfileCell.swift */ = {isa = PBXFileReference; fileEncoding = 4; lastKnownFileType = sourcecode.swift; path = StaticProfileCell.swift; sourceTree = "<group>"; };
		A40C98B21DA40F34001F5A04 /* Place.swift */ = {isa = PBXFileReference; fileEncoding = 4; lastKnownFileType = sourcecode.swift; path = Place.swift; sourceTree = "<group>"; };
		A40C98FC1DA4CFC7001F5A04 /* LocationViewController.swift */ = {isa = PBXFileReference; fileEncoding = 4; lastKnownFileType = sourcecode.swift; path = LocationViewController.swift; sourceTree = "<group>"; };
		A43AE3FF1DA605BC00FB733B /* ListOfPlacesViewController.swift */ = {isa = PBXFileReference; fileEncoding = 4; lastKnownFileType = sourcecode.swift; path = ListOfPlacesViewController.swift; sourceTree = "<group>"; };
		A43AE4131DA6503200FB733B /* Location.swift */ = {isa = PBXFileReference; fileEncoding = 4; lastKnownFileType = sourcecode.swift; path = Location.swift; sourceTree = "<group>"; };
		A4A9512A1D9A248E009EC2DD /* ProfileTableViewController.swift */ = {isa = PBXFileReference; fileEncoding = 4; lastKnownFileType = sourcecode.swift; path = ProfileTableViewController.swift; sourceTree = "<group>"; };
		A4A951361D9A2DB4009EC2DD /* StaticHeader.swift */ = {isa = PBXFileReference; fileEncoding = 4; lastKnownFileType = sourcecode.swift; path = StaticHeader.swift; sourceTree = "<group>"; };
		A4A951381D9A39BD009EC2DD /* StaticHeader.xib */ = {isa = PBXFileReference; fileEncoding = 4; lastKnownFileType = file.xib; path = StaticHeader.xib; sourceTree = "<group>"; };
		A4A9513A1D9A9F19009EC2DD /* User.swift */ = {isa = PBXFileReference; fileEncoding = 4; lastKnownFileType = sourcecode.swift; path = User.swift; sourceTree = "<group>"; };
		A4A951401D9CC3C9009EC2DD /* StaticFollowingCell.swift */ = {isa = PBXFileReference; fileEncoding = 4; lastKnownFileType = sourcecode.swift; path = StaticFollowingCell.swift; sourceTree = "<group>"; };
/* End PBXFileReference section */

/* Begin PBXFrameworksBuildPhase section */
		65CDC1ED1D98E8F200D046FE /* Frameworks */ = {
			isa = PBXFrameworksBuildPhase;
			buildActionMask = 2147483647;
			files = (
				65CDC2081D98EB8C00D046FE /* FBSDKLoginKit.framework in Frameworks */,
				65CDC20A1D98EE9700D046FE /* FBSDKCoreKit.framework in Frameworks */,
				0F597A06B9A20ECFD76425E6 /* Pods_Locus.framework in Frameworks */,
				65CDC20C1D98EEC600D046FE /* Bolts.framework in Frameworks */,
			);
			runOnlyForDeploymentPostprocessing = 0;
		};
/* End PBXFrameworksBuildPhase section */

/* Begin PBXGroup section */
		65CDC1E71D98E8F200D046FE = {
			isa = PBXGroup;
			children = (
				65CDC1F21D98E8F200D046FE /* Locus */,
				65CDC1F11D98E8F200D046FE /* Products */,
				BD87123DD6F55918B3DFAB76 /* Pods */,
				F8FFA31A08A631FF434B972F /* Frameworks */,
			);
			sourceTree = "<group>";
		};
		65CDC1F11D98E8F200D046FE /* Products */ = {
			isa = PBXGroup;
			children = (
				65CDC1F01D98E8F200D046FE /* Locus.app */,
			);
			name = Products;
			sourceTree = "<group>";
		};
		65CDC1F21D98E8F200D046FE /* Locus */ = {
			isa = PBXGroup;
			children = (
				65CDC1F31D98E8F200D046FE /* AppDelegate.swift */,
				65CDC2151D99008900D046FE /* DataService.swift */,
				A40C98FC1DA4CFC7001F5A04 /* LocationViewController.swift */,
				A43AE3FF1DA605BC00FB733B /* ListOfPlacesViewController.swift */,
				A40C98B21DA40F34001F5A04 /* Place.swift */,
				A4A951401D9CC3C9009EC2DD /* StaticFollowingCell.swift */,
				A40C98B01DA40CD4001F5A04 /* StaticProfileCell.swift */,
				A4A9513A1D9A9F19009EC2DD /* User.swift */,
				65AFED6C1DA25C690074F0C5 /* SavedPlace.swift */,
				65C3A5821DAB751900EB3F9C /* FollowingSavedPlace.swift */,
				A4A951361D9A2DB4009EC2DD /* StaticHeader.swift */,
				A40C98A01D9E2B77001F5A04 /* FollowingViewController.swift */,
				A4A951381D9A39BD009EC2DD /* StaticHeader.xib */,
				A40C98A61DA23112001F5A04 /* StaticFollowerCell.swift */,
				65CDC21D1D9918D800D046FE /* MapViewController.swift */,
				A40C98A41DA182D5001F5A04 /* FollowerViewController.swift */,
				A40C98AE1DA25A93001F5A04 /* UsersTableViewController.swift */,
				65CDC2241D9B84FE00D046FE /* PlaceDetailViewController.swift */,
				65C3A5841DAC8BAE00EB3F9C /* SavedByCollectionViewCell.swift */,
				65CDC2261D9B852400D046FE /* ImageCollectionViewCell.swift */,
				65AFED6A1DA2435A0074F0C5 /* RouteMapViewController.swift */,
				65CDC20F1D98F5B500D046FE /* LoginViewController.swift */,
				65A0F0611DADE88400BD82B9 /* AddFriendViewController.swift */,
				65A0F0671DAE2BB300BD82B9 /* Utilities.swift */,
				65A0F0651DADE8F300BD82B9 /* AddFriendTableViewCell.swift */,
				A43AE4171DA84BED00FB733B /* Profile */,
				A43AE41A1DA84C7400FB733B /* NSObject */,
				65CDC1FA1D98E8F200D046FE /* Assets.xcassets */,
				65CDC20E1D98F26B00D046FE /* Storyboards */,
				65CDC2211D9A5AC800D046FE /* Marker View */,
				65CDC20D1D98F16100D046FE /* Supporting Files */,
			);
			path = Locus;
			sourceTree = "<group>";
		};
		65CDC20D1D98F16100D046FE /* Supporting Files */ = {
			isa = PBXGroup;
			children = (
				65CDC2121D98FBC700D046FE /* Locus-Bridging-Header.h */,
				65CDC1FF1D98E8F200D046FE /* Info.plist */,
				65CDC2051D98E94600D046FE /* GoogleService-Info.plist */,
			);
			name = "Supporting Files";
			sourceTree = "<group>";
		};
		65CDC20E1D98F26B00D046FE /* Storyboards */ = {
			isa = PBXGroup;
			children = (
				65CDC1F71D98E8F200D046FE /* Main.storyboard */,
				65CDC2171D99032500D046FE /* MapView.storyboard */,
				65A0F05F1DADE72700BD82B9 /* AddFriends.storyboard */,
				65CEF7A21DA522CB00DD2BEA /* Profile.storyboard */,
				65AFED681DA242920074F0C5 /* RouteMapView.storyboard */,
				65CDC21B1D99044900D046FE /* PlaceDetail.storyboard */,
				65CDC1FC1D98E8F200D046FE /* LaunchScreen.storyboard */,
			);
			name = Storyboards;
			sourceTree = "<group>";
		};
		65CDC2211D9A5AC800D046FE /* Marker View */ = {
			isa = PBXGroup;
			children = (
				65CDC21F1D9A5A8A00D046FE /* MarkerInfoView.xib */,
				65CDC2221D9A5B0700D046FE /* MarkerInforView.swift */,
			);
			name = "Marker View";
			sourceTree = "<group>";
		};
		A43AE4171DA84BED00FB733B /* Profile */ = {
			isa = PBXGroup;
			children = (
				A4A9512A1D9A248E009EC2DD /* ProfileTableViewController.swift */,
			);
			name = Profile;
			sourceTree = "<group>";
		};
		A43AE41A1DA84C7400FB733B /* NSObject */ = {
			isa = PBXGroup;
			children = (
				A43AE4131DA6503200FB733B /* Location.swift */,
			);
			name = NSObject;
			sourceTree = "<group>";
		};
		BD87123DD6F55918B3DFAB76 /* Pods */ = {
			isa = PBXGroup;
			children = (
				1D08B1FB398FD5ECE66FA164 /* Pods-Locus.debug.xcconfig */,
				1C25B4A9A130D33DEFD91ACB /* Pods-Locus.release.xcconfig */,
			);
			name = Pods;
			sourceTree = "<group>";
		};
		F8FFA31A08A631FF434B972F /* Frameworks */ = {
			isa = PBXGroup;
			children = (
				65CDC20B1D98EEC600D046FE /* Bolts.framework */,
				65CDC2091D98EE9700D046FE /* FBSDKCoreKit.framework */,
				65CDC2071D98EB8C00D046FE /* FBSDKLoginKit.framework */,
				8BED38DEEF7DBE6FA5DA54C8 /* Pods_Locus.framework */,
			);
			name = Frameworks;
			sourceTree = "<group>";
		};
/* End PBXGroup section */

/* Begin PBXNativeTarget section */
		65CDC1EF1D98E8F200D046FE /* Locus */ = {
			isa = PBXNativeTarget;
			buildConfigurationList = 65CDC2021D98E8F200D046FE /* Build configuration list for PBXNativeTarget "Locus" */;
			buildPhases = (
				D1D000DCA7C1EBE0381D0A56 /* [CP] Check Pods Manifest.lock */,
				65CDC1EC1D98E8F200D046FE /* Sources */,
				65CDC1ED1D98E8F200D046FE /* Frameworks */,
				65CDC1EE1D98E8F200D046FE /* Resources */,
				BB40973D5889498F8E71EAC8 /* [CP] Embed Pods Frameworks */,
				21EB185182B6D52EF49D7724 /* [CP] Copy Pods Resources */,
			);
			buildRules = (
			);
			dependencies = (
			);
			name = Locus;
			productName = Locus;
			productReference = 65CDC1F01D98E8F200D046FE /* Locus.app */;
			productType = "com.apple.product-type.application";
		};
/* End PBXNativeTarget section */

/* Begin PBXProject section */
		65CDC1E81D98E8F200D046FE /* Project object */ = {
			isa = PBXProject;
			attributes = {
				LastSwiftUpdateCheck = 0730;
				LastUpgradeCheck = 0730;
				ORGANIZATIONNAME = EndeJeje;
				TargetAttributes = {
					65CDC1EF1D98E8F200D046FE = {
						CreatedOnToolsVersion = 7.3.1;
						DevelopmentTeam = 3S84D6AKYX;
					};
				};
			};
			buildConfigurationList = 65CDC1EB1D98E8F200D046FE /* Build configuration list for PBXProject "Locus" */;
			compatibilityVersion = "Xcode 3.2";
			developmentRegion = English;
			hasScannedForEncodings = 0;
			knownRegions = (
				en,
				Base,
			);
			mainGroup = 65CDC1E71D98E8F200D046FE;
			productRefGroup = 65CDC1F11D98E8F200D046FE /* Products */;
			projectDirPath = "";
			projectRoot = "";
			targets = (
				65CDC1EF1D98E8F200D046FE /* Locus */,
			);
		};
/* End PBXProject section */

/* Begin PBXResourcesBuildPhase section */
		65CDC1EE1D98E8F200D046FE /* Resources */ = {
			isa = PBXResourcesBuildPhase;
			buildActionMask = 2147483647;
			files = (
				65CDC1FE1D98E8F200D046FE /* LaunchScreen.storyboard in Resources */,
				65CEF7A31DA522CB00DD2BEA /* Profile.storyboard in Resources */,
				A4A951391D9A39BD009EC2DD /* StaticHeader.xib in Resources */,
				65A0F0601DADE72700BD82B9 /* AddFriends.storyboard in Resources */,
				65CDC2061D98E94600D046FE /* GoogleService-Info.plist in Resources */,
				65CDC21C1D99044900D046FE /* PlaceDetail.storyboard in Resources */,
				65CDC2201D9A5A8A00D046FE /* MarkerInfoView.xib in Resources */,
				65AFED691DA242920074F0C5 /* RouteMapView.storyboard in Resources */,
				65CDC1FB1D98E8F200D046FE /* Assets.xcassets in Resources */,
				65CDC2181D99032500D046FE /* MapView.storyboard in Resources */,
				65CDC1F91D98E8F200D046FE /* Main.storyboard in Resources */,
			);
			runOnlyForDeploymentPostprocessing = 0;
		};
/* End PBXResourcesBuildPhase section */

/* Begin PBXShellScriptBuildPhase section */
		21EB185182B6D52EF49D7724 /* [CP] Copy Pods Resources */ = {
			isa = PBXShellScriptBuildPhase;
			buildActionMask = 2147483647;
			files = (
			);
			inputPaths = (
			);
			name = "[CP] Copy Pods Resources";
			outputPaths = (
			);
			runOnlyForDeploymentPostprocessing = 0;
			shellPath = /bin/sh;
			shellScript = "\"${SRCROOT}/Pods/Target Support Files/Pods-Locus/Pods-Locus-resources.sh\"\n";
			showEnvVarsInLog = 0;
		};
		BB40973D5889498F8E71EAC8 /* [CP] Embed Pods Frameworks */ = {
			isa = PBXShellScriptBuildPhase;
			buildActionMask = 2147483647;
			files = (
			);
			inputPaths = (
			);
			name = "[CP] Embed Pods Frameworks";
			outputPaths = (
			);
			runOnlyForDeploymentPostprocessing = 0;
			shellPath = /bin/sh;
			shellScript = "\"${SRCROOT}/Pods/Target Support Files/Pods-Locus/Pods-Locus-frameworks.sh\"\n";
			showEnvVarsInLog = 0;
		};
		D1D000DCA7C1EBE0381D0A56 /* [CP] Check Pods Manifest.lock */ = {
			isa = PBXShellScriptBuildPhase;
			buildActionMask = 2147483647;
			files = (
			);
			inputPaths = (
			);
			name = "[CP] Check Pods Manifest.lock";
			outputPaths = (
			);
			runOnlyForDeploymentPostprocessing = 0;
			shellPath = /bin/sh;
			shellScript = "diff \"${PODS_ROOT}/../Podfile.lock\" \"${PODS_ROOT}/Manifest.lock\" > /dev/null\nif [[ $? != 0 ]] ; then\n    cat << EOM\nerror: The sandbox is not in sync with the Podfile.lock. Run 'pod install' or update your CocoaPods installation.\nEOM\n    exit 1\nfi\n";
			showEnvVarsInLog = 0;
		};
/* End PBXShellScriptBuildPhase section */

/* Begin PBXSourcesBuildPhase section */
		65CDC1EC1D98E8F200D046FE /* Sources */ = {
			isa = PBXSourcesBuildPhase;
			buildActionMask = 2147483647;
			files = (
				65CDC2101D98F5B500D046FE /* LoginViewController.swift in Sources */,
				A40C98B11DA40CD4001F5A04 /* StaticProfileCell.swift in Sources */,
				A40C98AF1DA25A93001F5A04 /* UsersTableViewController.swift in Sources */,
				A4A9512B1D9A248E009EC2DD /* ProfileTableViewController.swift in Sources */,
				A4A951411D9CC3C9009EC2DD /* StaticFollowingCell.swift in Sources */,
				65A0F0661DADE8F300BD82B9 /* AddFriendTableViewCell.swift in Sources */,
				A40C98A11D9E2B77001F5A04 /* FollowingViewController.swift in Sources */,
				A4A9513B1D9A9F19009EC2DD /* User.swift in Sources */,
				65C3A5851DAC8BAE00EB3F9C /* SavedByCollectionViewCell.swift in Sources */,
				A40C98A71DA23112001F5A04 /* StaticFollowerCell.swift in Sources */,
				A40C98A51DA182D5001F5A04 /* FollowerViewController.swift in Sources */,
				65CDC2271D9B852400D046FE /* ImageCollectionViewCell.swift in Sources */,
				65CDC2251D9B84FE00D046FE /* PlaceDetailViewController.swift in Sources */,
				65CDC1F41D98E8F200D046FE /* AppDelegate.swift in Sources */,
				A43AE4141DA6503200FB733B /* Location.swift in Sources */,
				65A0F0681DAE2BB300BD82B9 /* Utilities.swift in Sources */,
				65AFED6D1DA25C690074F0C5 /* SavedPlace.swift in Sources */,
				65CDC21E1D9918D800D046FE /* MapViewController.swift in Sources */,
				65C3A5831DAB751900EB3F9C /* FollowingSavedPlace.swift in Sources */,
				65CDC2161D99008900D046FE /* DataService.swift in Sources */,
				A40C98B31DA40F34001F5A04 /* Place.swift in Sources */,
				A40C98FD1DA4CFC7001F5A04 /* LocationViewController.swift in Sources */,
				65AFED6B1DA2435A0074F0C5 /* RouteMapViewController.swift in Sources */,
				A4A951371D9A2DB4009EC2DD /* StaticHeader.swift in Sources */,
				65A0F0621DADE88400BD82B9 /* AddFriendViewController.swift in Sources */,
				65CDC2231D9A5B0700D046FE /* MarkerInforView.swift in Sources */,
				A43AE4001DA605BC00FB733B /* ListOfPlacesViewController.swift in Sources */,
			);
			runOnlyForDeploymentPostprocessing = 0;
		};
/* End PBXSourcesBuildPhase section */

/* Begin PBXVariantGroup section */
		65CDC1F71D98E8F200D046FE /* Main.storyboard */ = {
			isa = PBXVariantGroup;
			children = (
				65CDC1F81D98E8F200D046FE /* Base */,
			);
			name = Main.storyboard;
			sourceTree = "<group>";
		};
		65CDC1FC1D98E8F200D046FE /* LaunchScreen.storyboard */ = {
			isa = PBXVariantGroup;
			children = (
				65CDC1FD1D98E8F200D046FE /* Base */,
			);
			name = LaunchScreen.storyboard;
			sourceTree = "<group>";
		};
/* End PBXVariantGroup section */

/* Begin XCBuildConfiguration section */
		65CDC2001D98E8F200D046FE /* Debug */ = {
			isa = XCBuildConfiguration;
			buildSettings = {
				ALWAYS_SEARCH_USER_PATHS = NO;
				CLANG_ANALYZER_NONNULL = YES;
				CLANG_CXX_LANGUAGE_STANDARD = "gnu++0x";
				CLANG_CXX_LIBRARY = "libc++";
				CLANG_ENABLE_MODULES = YES;
				CLANG_ENABLE_OBJC_ARC = YES;
				CLANG_WARN_BOOL_CONVERSION = YES;
				CLANG_WARN_CONSTANT_CONVERSION = YES;
				CLANG_WARN_DIRECT_OBJC_ISA_USAGE = YES_ERROR;
				CLANG_WARN_EMPTY_BODY = YES;
				CLANG_WARN_ENUM_CONVERSION = YES;
				CLANG_WARN_INT_CONVERSION = YES;
				CLANG_WARN_OBJC_ROOT_CLASS = YES_ERROR;
				CLANG_WARN_UNREACHABLE_CODE = YES;
				CLANG_WARN__DUPLICATE_METHOD_MATCH = YES;
				"CODE_SIGN_IDENTITY[sdk=iphoneos*]" = "iPhone Developer";
				COPY_PHASE_STRIP = NO;
				DEBUG_INFORMATION_FORMAT = dwarf;
				ENABLE_STRICT_OBJC_MSGSEND = YES;
				ENABLE_TESTABILITY = YES;
				GCC_C_LANGUAGE_STANDARD = gnu99;
				GCC_DYNAMIC_NO_PIC = NO;
				GCC_NO_COMMON_BLOCKS = YES;
				GCC_OPTIMIZATION_LEVEL = 0;
				GCC_PREPROCESSOR_DEFINITIONS = (
					"DEBUG=1",
					"$(inherited)",
				);
				GCC_WARN_64_TO_32_BIT_CONVERSION = YES;
				GCC_WARN_ABOUT_RETURN_TYPE = YES_ERROR;
				GCC_WARN_UNDECLARED_SELECTOR = YES;
				GCC_WARN_UNINITIALIZED_AUTOS = YES_AGGRESSIVE;
				GCC_WARN_UNUSED_FUNCTION = YES;
				GCC_WARN_UNUSED_VARIABLE = YES;
				IPHONEOS_DEPLOYMENT_TARGET = 9.3;
				MTL_ENABLE_DEBUG_INFO = YES;
				ONLY_ACTIVE_ARCH = YES;
				SDKROOT = iphoneos;
				SWIFT_OPTIMIZATION_LEVEL = "-Onone";
				TARGETED_DEVICE_FAMILY = "1,2";
			};
			name = Debug;
		};
		65CDC2011D98E8F200D046FE /* Release */ = {
			isa = XCBuildConfiguration;
			buildSettings = {
				ALWAYS_SEARCH_USER_PATHS = NO;
				CLANG_ANALYZER_NONNULL = YES;
				CLANG_CXX_LANGUAGE_STANDARD = "gnu++0x";
				CLANG_CXX_LIBRARY = "libc++";
				CLANG_ENABLE_MODULES = YES;
				CLANG_ENABLE_OBJC_ARC = YES;
				CLANG_WARN_BOOL_CONVERSION = YES;
				CLANG_WARN_CONSTANT_CONVERSION = YES;
				CLANG_WARN_DIRECT_OBJC_ISA_USAGE = YES_ERROR;
				CLANG_WARN_EMPTY_BODY = YES;
				CLANG_WARN_ENUM_CONVERSION = YES;
				CLANG_WARN_INT_CONVERSION = YES;
				CLANG_WARN_OBJC_ROOT_CLASS = YES_ERROR;
				CLANG_WARN_UNREACHABLE_CODE = YES;
				CLANG_WARN__DUPLICATE_METHOD_MATCH = YES;
				"CODE_SIGN_IDENTITY[sdk=iphoneos*]" = "iPhone Developer";
				COPY_PHASE_STRIP = NO;
				DEBUG_INFORMATION_FORMAT = "dwarf-with-dsym";
				ENABLE_NS_ASSERTIONS = NO;
				ENABLE_STRICT_OBJC_MSGSEND = YES;
				GCC_C_LANGUAGE_STANDARD = gnu99;
				GCC_NO_COMMON_BLOCKS = YES;
				GCC_WARN_64_TO_32_BIT_CONVERSION = YES;
				GCC_WARN_ABOUT_RETURN_TYPE = YES_ERROR;
				GCC_WARN_UNDECLARED_SELECTOR = YES;
				GCC_WARN_UNINITIALIZED_AUTOS = YES_AGGRESSIVE;
				GCC_WARN_UNUSED_FUNCTION = YES;
				GCC_WARN_UNUSED_VARIABLE = YES;
				IPHONEOS_DEPLOYMENT_TARGET = 9.3;
				MTL_ENABLE_DEBUG_INFO = NO;
				SDKROOT = iphoneos;
				TARGETED_DEVICE_FAMILY = "1,2";
				VALIDATE_PRODUCT = YES;
			};
			name = Release;
		};
		65CDC2031D98E8F200D046FE /* Debug */ = {
			isa = XCBuildConfiguration;
			baseConfigurationReference = 1D08B1FB398FD5ECE66FA164 /* Pods-Locus.debug.xcconfig */;
			buildSettings = {
				ASSETCATALOG_COMPILER_APPICON_NAME = AppIcon;
				CLANG_ENABLE_MODULES = YES;
				CODE_SIGN_IDENTITY = "iPhone Developer";
				"CODE_SIGN_IDENTITY[sdk=iphoneos*]" = "iPhone Developer";
				FRAMEWORK_SEARCH_PATHS = (
					"$(inherited)",
					"$(PROJECT_DIR)",
				);
				INFOPLIST_FILE = Locus/Info.plist;
				LD_RUNPATH_SEARCH_PATHS = "$(inherited) @executable_path/Frameworks";
				PRODUCT_BUNDLE_IDENTIFIER = com.endejeje.Locus;
				PRODUCT_NAME = "$(TARGET_NAME)";
				PROVISIONING_PROFILE = "";
				SWIFT_OBJC_BRIDGING_HEADER = "Locus/Locus-Bridging-Header.h";
				SWIFT_OPTIMIZATION_LEVEL = "-Onone";
			};
			name = Debug;
		};
		65CDC2041D98E8F200D046FE /* Release */ = {
			isa = XCBuildConfiguration;
			baseConfigurationReference = 1C25B4A9A130D33DEFD91ACB /* Pods-Locus.release.xcconfig */;
			buildSettings = {
				ASSETCATALOG_COMPILER_APPICON_NAME = AppIcon;
				CLANG_ENABLE_MODULES = YES;
				CODE_SIGN_IDENTITY = "iPhone Developer";
				"CODE_SIGN_IDENTITY[sdk=iphoneos*]" = "iPhone Developer";
				FRAMEWORK_SEARCH_PATHS = (
					"$(inherited)",
					"$(PROJECT_DIR)",
				);
				INFOPLIST_FILE = Locus/Info.plist;
				LD_RUNPATH_SEARCH_PATHS = "$(inherited) @executable_path/Frameworks";
				PRODUCT_BUNDLE_IDENTIFIER = com.endejeje.Locus;
				PRODUCT_NAME = "$(TARGET_NAME)";
				PROVISIONING_PROFILE = "";
				SWIFT_OBJC_BRIDGING_HEADER = "Locus/Locus-Bridging-Header.h";
			};
			name = Release;
		};
/* End XCBuildConfiguration section */

/* Begin XCConfigurationList section */
		65CDC1EB1D98E8F200D046FE /* Build configuration list for PBXProject "Locus" */ = {
			isa = XCConfigurationList;
			buildConfigurations = (
				65CDC2001D98E8F200D046FE /* Debug */,
				65CDC2011D98E8F200D046FE /* Release */,
			);
			defaultConfigurationIsVisible = 0;
			defaultConfigurationName = Release;
		};
		65CDC2021D98E8F200D046FE /* Build configuration list for PBXNativeTarget "Locus" */ = {
			isa = XCConfigurationList;
			buildConfigurations = (
				65CDC2031D98E8F200D046FE /* Debug */,
				65CDC2041D98E8F200D046FE /* Release */,
			);
			defaultConfigurationIsVisible = 0;
			defaultConfigurationName = Release;
		};
/* End XCConfigurationList section */
	};
	rootObject = 65CDC1E81D98E8F200D046FE /* Project object */;
}
